
Microsoft Visual Studio Solution File, Format Version 12.00
# Visual Studio 15
VisualStudioVersion = 15.0.27004.2009
MinimumVisualStudioVersion = 10.0.40219.1
Project("{FAE04EC0-301F-11D3-BF4B-00C04F79EFBC}") = "WebService_AlarmSystem", "WebService_AlarmSystem\WebService_AlarmSystem.csproj", "{D3AF945B-FF04-406E-8FF1-8C8C730D2A4F}"
EndProject
Project("{FAE04EC0-301F-11D3-BF4B-00C04F79EFBC}") = "UnitTestProject_AlarmSystem", "UnitTestProject_AlarmSystem\UnitTestProject_AlarmSystem.csproj", "{95EE5445-91C3-4BD5-B440-12AB21EC1D73}"
EndProject
Global
	GlobalSection(SolutionConfigurationPlatforms) = preSolution
		Debug|Any CPU = Debug|Any CPU
		Release|Any CPU = Release|Any CPU
	EndGlobalSection
	GlobalSection(ProjectConfigurationPlatforms) = postSolution
		{D3AF945B-FF04-406E-8FF1-8C8C730D2A4F}.Debug|Any CPU.ActiveCfg = Debug|Any CPU
		{D3AF945B-FF04-406E-8FF1-8C8C730D2A4F}.Debug|Any CPU.Build.0 = Debug|Any CPU
		{D3AF945B-FF04-406E-8FF1-8C8C730D2A4F}.Release|Any CPU.ActiveCfg = Release|Any CPU
		{D3AF945B-FF04-406E-8FF1-8C8C730D2A4F}.Release|Any CPU.Build.0 = Release|Any CPU
		{95EE5445-91C3-4BD5-B440-12AB21EC1D73}.Debug|Any CPU.ActiveCfg = Debug|Any CPU
		{95EE5445-91C3-4BD5-B440-12AB21EC1D73}.Debug|Any CPU.Build.0 = Debug|Any CPU
		{95EE5445-91C3-4BD5-B440-12AB21EC1D73}.Release|Any CPU.ActiveCfg = Release|Any CPU
		{95EE5445-91C3-4BD5-B440-12AB21EC1D73}.Release|Any CPU.Build.0 = Release|Any CPU
	EndGlobalSection
	GlobalSection(SolutionProperties) = preSolution
		HideSolutionNode = FALSE
	EndGlobalSection
	GlobalSection(ExtensibilityGlobals) = postSolution
		SolutionGuid = {4D9BD1C0-2D54-4B23-82DA-D34C182E37CB}
	EndGlobalSection
EndGlobal
